
Microsoft Visual Studio Solution File, Format Version 12.00
# Visual Studio Version 16
VisualStudioVersion = 16.0.30611.23
MinimumVisualStudioVersion = 10.0.40219.1
Project("{FAE04EC0-301F-11D3-BF4B-00C04F79EFBC}") = "MethodExercise", "MethodExercise.csproj", "{C30BEB7C-2F8C-47A6-BB29-CD588E8AD671}"
EndProject
Global
	GlobalSection(SolutionConfigurationPlatforms) = preSolution
		Debug|Any CPU = Debug|Any CPU
		Release|Any CPU = Release|Any CPU
	EndGlobalSection
	GlobalSection(ProjectConfigurationPlatforms) = postSolution
		{C30BEB7C-2F8C-47A6-BB29-CD588E8AD671}.Debug|Any CPU.ActiveCfg = Debug|Any CPU
		{C30BEB7C-2F8C-47A6-BB29-CD588E8AD671}.Debug|Any CPU.Build.0 = Debug|Any CPU
		{C30BEB7C-2F8C-47A6-BB29-CD588E8AD671}.Release|Any CPU.ActiveCfg = Release|Any CPU
		{C30BEB7C-2F8C-47A6-BB29-CD588E8AD671}.Release|Any CPU.Build.0 = Release|Any CPU
	EndGlobalSection
	GlobalSection(SolutionProperties) = preSolution
		HideSolutionNode = FALSE
	EndGlobalSection
	GlobalSection(ExtensibilityGlobals) = postSolution
		SolutionGuid = {780691A1-7B77-4968-9C10-43B192324D77}
	EndGlobalSection
EndGlobal
